
Microsoft Visual Studio Solution File, Format Version 12.00
# Visual Studio Version 16
VisualStudioVersion = 16.0.30717.126
MinimumVisualStudioVersion = 10.0.40219.1
Project("{FAE04EC0-301F-11D3-BF4B-00C04F79EFBC}") = "week10", "week10\week10.csproj", "{DD4B815A-738D-4B02-A50B-74E491B6035A}"
EndProject
Global
	GlobalSection(SolutionConfigurationPlatforms) = preSolution
		Debug|Any CPU = Debug|Any CPU
		Release|Any CPU = Release|Any CPU
	EndGlobalSection
	GlobalSection(ProjectConfigurationPlatforms) = postSolution
		{DD4B815A-738D-4B02-A50B-74E491B6035A}.Debug|Any CPU.ActiveCfg = Debug|Any CPU
		{DD4B815A-738D-4B02-A50B-74E491B6035A}.Debug|Any CPU.Build.0 = Debug|Any CPU
		{DD4B815A-738D-4B02-A50B-74E491B6035A}.Release|Any CPU.ActiveCfg = Release|Any CPU
		{DD4B815A-738D-4B02-A50B-74E491B6035A}.Release|Any CPU.Build.0 = Release|Any CPU
	EndGlobalSection
	GlobalSection(SolutionProperties) = preSolution
		HideSolutionNode = FALSE
	EndGlobalSection
	GlobalSection(ExtensibilityGlobals) = postSolution
		SolutionGuid = {DEC2DB66-0A80-4F56-8A41-DAB57B604115}
	EndGlobalSection
EndGlobal
