
Microsoft Visual Studio Solution File, Format Version 12.00
# Visual Studio Version 16
VisualStudioVersion = 16.0.30503.244
MinimumVisualStudioVersion = 10.0.40219.1
Project("{FAE04EC0-301F-11D3-BF4B-00C04F79EFBC}") = "week07", "week07\week07.csproj", "{67B371B3-DD7E-4E11-9AB5-1FF88BF5FFA7}"
EndProject
Global
	GlobalSection(SolutionConfigurationPlatforms) = preSolution
		Debug|Any CPU = Debug|Any CPU
		Release|Any CPU = Release|Any CPU
	EndGlobalSection
	GlobalSection(ProjectConfigurationPlatforms) = postSolution
		{67B371B3-DD7E-4E11-9AB5-1FF88BF5FFA7}.Debug|Any CPU.ActiveCfg = Debug|Any CPU
		{67B371B3-DD7E-4E11-9AB5-1FF88BF5FFA7}.Debug|Any CPU.Build.0 = Debug|Any CPU
		{67B371B3-DD7E-4E11-9AB5-1FF88BF5FFA7}.Release|Any CPU.ActiveCfg = Release|Any CPU
		{67B371B3-DD7E-4E11-9AB5-1FF88BF5FFA7}.Release|Any CPU.Build.0 = Release|Any CPU
	EndGlobalSection
	GlobalSection(SolutionProperties) = preSolution
		HideSolutionNode = FALSE
	EndGlobalSection
	GlobalSection(ExtensibilityGlobals) = postSolution
		SolutionGuid = {930B9CE4-2038-4B91-91AC-33B2DC25F269}
	EndGlobalSection
EndGlobal
